
Microsoft Visual Studio Solution File, Format Version 12.00
# Visual Studio 14
VisualStudioVersion = 14.0.25420.1
MinimumVisualStudioVersion = 10.0.40219.1
Project("{FAE04EC0-301F-11D3-BF4B-00C04F79EFBC}") = "TestMergedWith.Droid", "TestMergedWith\TestMergedWith.Droid\TestMergedWith.Droid.csproj", "{26625078-2442-47DE-B26F-DD74B09D7C22}"
EndProject
Project("{FAE04EC0-301F-11D3-BF4B-00C04F79EFBC}") = "TestMergedWith.iOS", "TestMergedWith\TestMergedWith.iOS\TestMergedWith.iOS.csproj", "{EF3AAC16-BD2E-407A-9E51-416D61937671}"
EndProject
Project("{FAE04EC0-301F-11D3-BF4B-00C04F79EFBC}") = "TestMergedWith.WinPhone", "TestMergedWith\TestMergedWith.WinPhone\TestMergedWith.WinPhone.csproj", "{7B4DA2D0-69D8-425A-AEC4-EE36B20F5AFF}"
EndProject
Project("{FAE04EC0-301F-11D3-BF4B-00C04F79EFBC}") = "TestMergedWith.UWP", "TestMergedWith\TestMergedWith.UWP\TestMergedWith.UWP.csproj", "{7D5E6418-BC5B-4199-B5C4-2C41F3A212B0}"
EndProject
Project("{FAE04EC0-301F-11D3-BF4B-00C04F79EFBC}") = "TestMergedWith.Windows", "TestMergedWith\TestMergedWith.Windows\TestMergedWith.Windows.csproj", "{BDC62803-143D-4FF8-964A-86209C01A0C9}"
EndProject
Project("{FAE04EC0-301F-11D3-BF4B-00C04F79EFBC}") = "TestMergedWith", "TestMergedWith\TestMergedWith\TestMergedWith.csproj", "{5F851F2C-9E3A-4474-B1F5-9E62C096267B}"
EndProject
Global
	GlobalSection(SolutionConfigurationPlatforms) = preSolution
		Ad-Hoc|Any CPU = Ad-Hoc|Any CPU
		Ad-Hoc|ARM = Ad-Hoc|ARM
		Ad-Hoc|iPhone = Ad-Hoc|iPhone
		Ad-Hoc|iPhoneSimulator = Ad-Hoc|iPhoneSimulator
		Ad-Hoc|x64 = Ad-Hoc|x64
		Ad-Hoc|x86 = Ad-Hoc|x86
		AppStore|Any CPU = AppStore|Any CPU
		AppStore|ARM = AppStore|ARM
		AppStore|iPhone = AppStore|iPhone
		AppStore|iPhoneSimulator = AppStore|iPhoneSimulator
		AppStore|x64 = AppStore|x64
		AppStore|x86 = AppStore|x86
		Debug|Any CPU = Debug|Any CPU
		Debug|ARM = Debug|ARM
		Debug|iPhone = Debug|iPhone
		Debug|iPhoneSimulator = Debug|iPhoneSimulator
		Debug|x64 = Debug|x64
		Debug|x86 = Debug|x86
		Release|Any CPU = Release|Any CPU
		Release|ARM = Release|ARM
		Release|iPhone = Release|iPhone
		Release|iPhoneSimulator = Release|iPhoneSimulator
		Release|x64 = Release|x64
		Release|x86 = Release|x86
	EndGlobalSection
	GlobalSection(ProjectConfigurationPlatforms) = postSolution
		{26625078-2442-47DE-B26F-DD74B09D7C22}.Ad-Hoc|Any CPU.ActiveCfg = Release|Any CPU
		{26625078-2442-47DE-B26F-DD74B09D7C22}.Ad-Hoc|Any CPU.Build.0 = Release|Any CPU
		{26625078-2442-47DE-B26F-DD74B09D7C22}.Ad-Hoc|Any CPU.Deploy.0 = Release|Any CPU
		{26625078-2442-47DE-B26F-DD74B09D7C22}.Ad-Hoc|ARM.ActiveCfg = Release|Any CPU
		{26625078-2442-47DE-B26F-DD74B09D7C22}.Ad-Hoc|ARM.Build.0 = Release|Any CPU
		{26625078-2442-47DE-B26F-DD74B09D7C22}.Ad-Hoc|ARM.Deploy.0 = Release|Any CPU
		{26625078-2442-47DE-B26F-DD74B09D7C22}.Ad-Hoc|iPhone.ActiveCfg = Release|Any CPU
		{26625078-2442-47DE-B26F-DD74B09D7C22}.Ad-Hoc|iPhone.Build.0 = Release|Any CPU
		{26625078-2442-47DE-B26F-DD74B09D7C22}.Ad-Hoc|iPhone.Deploy.0 = Release|Any CPU
		{26625078-2442-47DE-B26F-DD74B09D7C22}.Ad-Hoc|iPhoneSimulator.ActiveCfg = Release|Any CPU
		{26625078-2442-47DE-B26F-DD74B09D7C22}.Ad-Hoc|iPhoneSimulator.Build.0 = Release|Any CPU
		{26625078-2442-47DE-B26F-DD74B09D7C22}.Ad-Hoc|iPhoneSimulator.Deploy.0 = Release|Any CPU
		{26625078-2442-47DE-B26F-DD74B09D7C22}.Ad-Hoc|x64.ActiveCfg = Release|Any CPU
		{26625078-2442-47DE-B26F-DD74B09D7C22}.Ad-Hoc|x64.Build.0 = Release|Any CPU
		{26625078-2442-47DE-B26F-DD74B09D7C22}.Ad-Hoc|x64.Deploy.0 = Release|Any CPU
		{26625078-2442-47DE-B26F-DD74B09D7C22}.Ad-Hoc|x86.ActiveCfg = Release|Any CPU
		{26625078-2442-47DE-B26F-DD74B09D7C22}.Ad-Hoc|x86.Build.0 = Release|Any CPU
		{26625078-2442-47DE-B26F-DD74B09D7C22}.Ad-Hoc|x86.Deploy.0 = Release|Any CPU
		{26625078-2442-47DE-B26F-DD74B09D7C22}.AppStore|Any CPU.ActiveCfg = Release|Any CPU
		{26625078-2442-47DE-B26F-DD74B09D7C22}.AppStore|Any CPU.Build.0 = Release|Any CPU
		{26625078-2442-47DE-B26F-DD74B09D7C22}.AppStore|Any CPU.Deploy.0 = Release|Any CPU
		{26625078-2442-47DE-B26F-DD74B09D7C22}.AppStore|ARM.ActiveCfg = Release|Any CPU
		{26625078-2442-47DE-B26F-DD74B09D7C22}.AppStore|ARM.Build.0 = Release|Any CPU
		{26625078-2442-47DE-B26F-DD74B09D7C22}.AppStore|ARM.Deploy.0 = Release|Any CPU
		{26625078-2442-47DE-B26F-DD74B09D7C22}.AppStore|iPhone.ActiveCfg = Release|Any CPU
		{26625078-2442-47DE-B26F-DD74B09D7C22}.AppStore|iPhone.Build.0 = Release|Any CPU
		{26625078-2442-47DE-B26F-DD74B09D7C22}.AppStore|iPhone.Deploy.0 = Release|Any CPU
		{26625078-2442-47DE-B26F-DD74B09D7C22}.AppStore|iPhoneSimulator.ActiveCfg = Release|Any CPU
		{26625078-2442-47DE-B26F-DD74B09D7C22}.AppStore|iPhoneSimulator.Build.0 = Release|Any CPU
		{26625078-2442-47DE-B26F-DD74B09D7C22}.AppStore|iPhoneSimulator.Deploy.0 = Release|Any CPU
		{26625078-2442-47DE-B26F-DD74B09D7C22}.AppStore|x64.ActiveCfg = Release|Any CPU
		{26625078-2442-47DE-B26F-DD74B09D7C22}.AppStore|x64.Build.0 = Release|Any CPU
		{26625078-2442-47DE-B26F-DD74B09D7C22}.AppStore|x64.Deploy.0 = Release|Any CPU
		{26625078-2442-47DE-B26F-DD74B09D7C22}.AppStore|x86.ActiveCfg = Release|Any CPU
		{26625078-2442-47DE-B26F-DD74B09D7C22}.AppStore|x86.Build.0 = Release|Any CPU
		{26625078-2442-47DE-B26F-DD74B09D7C22}.AppStore|x86.Deploy.0 = Release|Any CPU
		{26625078-2442-47DE-B26F-DD74B09D7C22}.Debug|Any CPU.ActiveCfg = Debug|Any CPU
		{26625078-2442-47DE-B26F-DD74B09D7C22}.Debug|Any CPU.Build.0 = Debug|Any CPU
		{26625078-2442-47DE-B26F-DD74B09D7C22}.Debug|Any CPU.Deploy.0 = Debug|Any CPU
		{26625078-2442-47DE-B26F-DD74B09D7C22}.Debug|ARM.ActiveCfg = Debug|Any CPU
		{26625078-2442-47DE-B26F-DD74B09D7C22}.Debug|ARM.Build.0 = Debug|Any CPU
		{26625078-2442-47DE-B26F-DD74B09D7C22}.Debug|ARM.Deploy.0 = Debug|Any CPU
		{26625078-2442-47DE-B26F-DD74B09D7C22}.Debug|iPhone.ActiveCfg = Debug|Any CPU
		{26625078-2442-47DE-B26F-DD74B09D7C22}.Debug|iPhone.Build.0 = Debug|Any CPU
		{26625078-2442-47DE-B26F-DD74B09D7C22}.Debug|iPhone.Deploy.0 = Debug|Any CPU
		{26625078-2442-47DE-B26F-DD74B09D7C22}.Debug|iPhoneSimulator.ActiveCfg = Debug|Any CPU
		{26625078-2442-47DE-B26F-DD74B09D7C22}.Debug|iPhoneSimulator.Build.0 = Debug|Any CPU
		{26625078-2442-47DE-B26F-DD74B09D7C22}.Debug|iPhoneSimulator.Deploy.0 = Debug|Any CPU
		{26625078-2442-47DE-B26F-DD74B09D7C22}.Debug|x64.ActiveCfg = Debug|Any CPU
		{26625078-2442-47DE-B26F-DD74B09D7C22}.Debug|x64.Build.0 = Debug|Any CPU
		{26625078-2442-47DE-B26F-DD74B09D7C22}.Debug|x64.Deploy.0 = Debug|Any CPU
		{26625078-2442-47DE-B26F-DD74B09D7C22}.Debug|x86.ActiveCfg = Debug|Any CPU
		{26625078-2442-47DE-B26F-DD74B09D7C22}.Debug|x86.Build.0 = Debug|Any CPU
		{26625078-2442-47DE-B26F-DD74B09D7C22}.Debug|x86.Deploy.0 = Debug|Any CPU
		{26625078-2442-47DE-B26F-DD74B09D7C22}.Release|Any CPU.ActiveCfg = Release|Any CPU
		{26625078-2442-47DE-B26F-DD74B09D7C22}.Release|Any CPU.Build.0 = Release|Any CPU
		{26625078-2442-47DE-B26F-DD74B09D7C22}.Release|Any CPU.Deploy.0 = Release|Any CPU
		{26625078-2442-47DE-B26F-DD74B09D7C22}.Release|ARM.ActiveCfg = Release|Any CPU
		{26625078-2442-47DE-B26F-DD74B09D7C22}.Release|ARM.Build.0 = Release|Any CPU
		{26625078-2442-47DE-B26F-DD74B09D7C22}.Release|ARM.Deploy.0 = Release|Any CPU
		{26625078-2442-47DE-B26F-DD74B09D7C22}.Release|iPhone.ActiveCfg = Release|Any CPU
		{26625078-2442-47DE-B26F-DD74B09D7C22}.Release|iPhone.Build.0 = Release|Any CPU
		{26625078-2442-47DE-B26F-DD74B09D7C22}.Release|iPhone.Deploy.0 = Release|Any CPU
		{26625078-2442-47DE-B26F-DD74B09D7C22}.Release|iPhoneSimulator.ActiveCfg = Release|Any CPU
		{26625078-2442-47DE-B26F-DD74B09D7C22}.Release|iPhoneSimulator.Build.0 = Release|Any CPU
		{26625078-2442-47DE-B26F-DD74B09D7C22}.Release|iPhoneSimulator.Deploy.0 = Release|Any CPU
		{26625078-2442-47DE-B26F-DD74B09D7C22}.Release|x64.ActiveCfg = Release|Any CPU
		{26625078-2442-47DE-B26F-DD74B09D7C22}.Release|x64.Build.0 = Release|Any CPU
		{26625078-2442-47DE-B26F-DD74B09D7C22}.Release|x64.Deploy.0 = Release|Any CPU
		{26625078-2442-47DE-B26F-DD74B09D7C22}.Release|x86.ActiveCfg = Release|Any CPU
		{26625078-2442-47DE-B26F-DD74B09D7C22}.Release|x86.Build.0 = Release|Any CPU
		{26625078-2442-47DE-B26F-DD74B09D7C22}.Release|x86.Deploy.0 = Release|Any CPU
		{EF3AAC16-BD2E-407A-9E51-416D61937671}.Ad-Hoc|Any CPU.ActiveCfg = Ad-Hoc|iPhone
		{EF3AAC16-BD2E-407A-9E51-416D61937671}.Ad-Hoc|ARM.ActiveCfg = Ad-Hoc|iPhone
		{EF3AAC16-BD2E-407A-9E51-416D61937671}.Ad-Hoc|iPhone.ActiveCfg = Ad-Hoc|iPhone
		{EF3AAC16-BD2E-407A-9E51-416D61937671}.Ad-Hoc|iPhone.Build.0 = Ad-Hoc|iPhone
		{EF3AAC16-BD2E-407A-9E51-416D61937671}.Ad-Hoc|iPhoneSimulator.ActiveCfg = Ad-Hoc|iPhoneSimulator
		{EF3AAC16-BD2E-407A-9E51-416D61937671}.Ad-Hoc|iPhoneSimulator.Build.0 = Ad-Hoc|iPhoneSimulator
		{EF3AAC16-BD2E-407A-9E51-416D61937671}.Ad-Hoc|x64.ActiveCfg = Ad-Hoc|iPhone
		{EF3AAC16-BD2E-407A-9E51-416D61937671}.Ad-Hoc|x86.ActiveCfg = Ad-Hoc|iPhone
		{EF3AAC16-BD2E-407A-9E51-416D61937671}.AppStore|Any CPU.ActiveCfg = AppStore|iPhone
		{EF3AAC16-BD2E-407A-9E51-416D61937671}.AppStore|ARM.ActiveCfg = AppStore|iPhone
		{EF3AAC16-BD2E-407A-9E51-416D61937671}.AppStore|iPhone.ActiveCfg = AppStore|iPhone
		{EF3AAC16-BD2E-407A-9E51-416D61937671}.AppStore|iPhone.Build.0 = AppStore|iPhone
		{EF3AAC16-BD2E-407A-9E51-416D61937671}.AppStore|iPhoneSimulator.ActiveCfg = AppStore|iPhoneSimulator
		{EF3AAC16-BD2E-407A-9E51-416D61937671}.AppStore|iPhoneSimulator.Build.0 = AppStore|iPhoneSimulator
		{EF3AAC16-BD2E-407A-9E51-416D61937671}.AppStore|x64.ActiveCfg = AppStore|iPhone
		{EF3AAC16-BD2E-407A-9E51-416D61937671}.AppStore|x86.ActiveCfg = AppStore|iPhone
		{EF3AAC16-BD2E-407A-9E51-416D61937671}.Debug|Any CPU.ActiveCfg = Debug|iPhone
		{EF3AAC16-BD2E-407A-9E51-416D61937671}.Debug|ARM.ActiveCfg = Debug|iPhone
		{EF3AAC16-BD2E-407A-9E51-416D61937671}.Debug|iPhone.ActiveCfg = Debug|iPhone
		{EF3AAC16-BD2E-407A-9E51-416D61937671}.Debug|iPhone.Build.0 = Debug|iPhone
		{EF3AAC16-BD2E-407A-9E51-416D61937671}.Debug|iPhoneSimulator.ActiveCfg = Debug|iPhoneSimulator
		{EF3AAC16-BD2E-407A-9E51-416D61937671}.Debug|iPhoneSimulator.Build.0 = Debug|iPhoneSimulator
		{EF3AAC16-BD2E-407A-9E51-416D61937671}.Debug|x64.ActiveCfg = Debug|iPhone
		{EF3AAC16-BD2E-407A-9E51-416D61937671}.Debug|x86.ActiveCfg = Debug|iPhone
		{EF3AAC16-BD2E-407A-9E51-416D61937671}.Release|Any CPU.ActiveCfg = Release|iPhone
		{EF3AAC16-BD2E-407A-9E51-416D61937671}.Release|ARM.ActiveCfg = Release|iPhone
		{EF3AAC16-BD2E-407A-9E51-416D61937671}.Release|iPhone.ActiveCfg = Release|iPhone
		{EF3AAC16-BD2E-407A-9E51-416D61937671}.Release|iPhone.Build.0 = Release|iPhone
		{EF3AAC16-BD2E-407A-9E51-416D61937671}.Release|iPhoneSimulator.ActiveCfg = Release|iPhoneSimulator
		{EF3AAC16-BD2E-407A-9E51-416D61937671}.Release|iPhoneSimulator.Build.0 = Release|iPhoneSimulator
		{EF3AAC16-BD2E-407A-9E51-416D61937671}.Release|x64.ActiveCfg = Release|iPhone
		{EF3AAC16-BD2E-407A-9E51-416D61937671}.Release|x86.ActiveCfg = Release|iPhone
		{7B4DA2D0-69D8-425A-AEC4-EE36B20F5AFF}.Ad-Hoc|Any CPU.ActiveCfg = Release|Any CPU
		{7B4DA2D0-69D8-425A-AEC4-EE36B20F5AFF}.Ad-Hoc|Any CPU.Build.0 = Release|Any CPU
		{7B4DA2D0-69D8-425A-AEC4-EE36B20F5AFF}.Ad-Hoc|Any CPU.Deploy.0 = Release|Any CPU
		{7B4DA2D0-69D8-425A-AEC4-EE36B20F5AFF}.Ad-Hoc|ARM.ActiveCfg = Release|ARM
		{7B4DA2D0-69D8-425A-AEC4-EE36B20F5AFF}.Ad-Hoc|ARM.Build.0 = Release|ARM
		{7B4DA2D0-69D8-425A-AEC4-EE36B20F5AFF}.Ad-Hoc|ARM.Deploy.0 = Release|ARM
		{7B4DA2D0-69D8-425A-AEC4-EE36B20F5AFF}.Ad-Hoc|iPhone.ActiveCfg = Release|Any CPU
		{7B4DA2D0-69D8-425A-AEC4-EE36B20F5AFF}.Ad-Hoc|iPhone.Build.0 = Release|Any CPU
		{7B4DA2D0-69D8-425A-AEC4-EE36B20F5AFF}.Ad-Hoc|iPhone.Deploy.0 = Release|Any CPU
		{7B4DA2D0-69D8-425A-AEC4-EE36B20F5AFF}.Ad-Hoc|iPhoneSimulator.ActiveCfg = Release|Any CPU
		{7B4DA2D0-69D8-425A-AEC4-EE36B20F5AFF}.Ad-Hoc|iPhoneSimulator.Build.0 = Release|Any CPU
		{7B4DA2D0-69D8-425A-AEC4-EE36B20F5AFF}.Ad-Hoc|iPhoneSimulator.Deploy.0 = Release|Any CPU
		{7B4DA2D0-69D8-425A-AEC4-EE36B20F5AFF}.Ad-Hoc|x64.ActiveCfg = Release|Any CPU
		{7B4DA2D0-69D8-425A-AEC4-EE36B20F5AFF}.Ad-Hoc|x64.Build.0 = Release|Any CPU
		{7B4DA2D0-69D8-425A-AEC4-EE36B20F5AFF}.Ad-Hoc|x64.Deploy.0 = Release|Any CPU
		{7B4DA2D0-69D8-425A-AEC4-EE36B20F5AFF}.Ad-Hoc|x86.ActiveCfg = Release|x86
		{7B4DA2D0-69D8-425A-AEC4-EE36B20F5AFF}.Ad-Hoc|x86.Build.0 = Release|x86
		{7B4DA2D0-69D8-425A-AEC4-EE36B20F5AFF}.Ad-Hoc|x86.Deploy.0 = Release|x86
		{7B4DA2D0-69D8-425A-AEC4-EE36B20F5AFF}.AppStore|Any CPU.ActiveCfg = Release|Any CPU
		{7B4DA2D0-69D8-425A-AEC4-EE36B20F5AFF}.AppStore|Any CPU.Build.0 = Release|Any CPU
		{7B4DA2D0-69D8-425A-AEC4-EE36B20F5AFF}.AppStore|Any CPU.Deploy.0 = Release|Any CPU
		{7B4DA2D0-69D8-425A-AEC4-EE36B20F5AFF}.AppStore|ARM.ActiveCfg = Release|ARM
		{7B4DA2D0-69D8-425A-AEC4-EE36B20F5AFF}.AppStore|ARM.Build.0 = Release|ARM
		{7B4DA2D0-69D8-425A-AEC4-EE36B20F5AFF}.AppStore|ARM.Deploy.0 = Release|ARM
		{7B4DA2D0-69D8-425A-AEC4-EE36B20F5AFF}.AppStore|iPhone.ActiveCfg = Release|Any CPU
		{7B4DA2D0-69D8-425A-AEC4-EE36B20F5AFF}.AppStore|iPhone.Build.0 = Release|Any CPU
		{7B4DA2D0-69D8-425A-AEC4-EE36B20F5AFF}.AppStore|iPhone.Deploy.0 = Release|Any CPU
		{7B4DA2D0-69D8-425A-AEC4-EE36B20F5AFF}.AppStore|iPhoneSimulator.ActiveCfg = Release|Any CPU
		{7B4DA2D0-69D8-425A-AEC4-EE36B20F5AFF}.AppStore|iPhoneSimulator.Build.0 = Release|Any CPU
		{7B4DA2D0-69D8-425A-AEC4-EE36B20F5AFF}.AppStore|iPhoneSimulator.Deploy.0 = Release|Any CPU
		{7B4DA2D0-69D8-425A-AEC4-EE36B20F5AFF}.AppStore|x64.ActiveCfg = Release|Any CPU
		{7B4DA2D0-69D8-425A-AEC4-EE36B20F5AFF}.AppStore|x64.Build.0 = Release|Any CPU
		{7B4DA2D0-69D8-425A-AEC4-EE36B20F5AFF}.AppStore|x64.Deploy.0 = Release|Any CPU
		{7B4DA2D0-69D8-425A-AEC4-EE36B20F5AFF}.AppStore|x86.ActiveCfg = Release|x86
		{7B4DA2D0-69D8-425A-AEC4-EE36B20F5AFF}.AppStore|x86.Build.0 = Release|x86
		{7B4DA2D0-69D8-425A-AEC4-EE36B20F5AFF}.AppStore|x86.Deploy.0 = Release|x86
		{7B4DA2D0-69D8-425A-AEC4-EE36B20F5AFF}.Debug|Any CPU.ActiveCfg = Debug|Any CPU
		{7B4DA2D0-69D8-425A-AEC4-EE36B20F5AFF}.Debug|Any CPU.Build.0 = Debug|Any CPU
		{7B4DA2D0-69D8-425A-AEC4-EE36B20F5AFF}.Debug|Any CPU.Deploy.0 = Debug|Any CPU
		{7B4DA2D0-69D8-425A-AEC4-EE36B20F5AFF}.Debug|ARM.ActiveCfg = Debug|ARM
		{7B4DA2D0-69D8-425A-AEC4-EE36B20F5AFF}.Debug|ARM.Build.0 = Debug|ARM
		{7B4DA2D0-69D8-425A-AEC4-EE36B20F5AFF}.Debug|ARM.Deploy.0 = Debug|ARM
		{7B4DA2D0-69D8-425A-AEC4-EE36B20F5AFF}.Debug|iPhone.ActiveCfg = Debug|Any CPU
		{7B4DA2D0-69D8-425A-AEC4-EE36B20F5AFF}.Debug|iPhone.Build.0 = Debug|Any CPU
		{7B4DA2D0-69D8-425A-AEC4-EE36B20F5AFF}.Debug|iPhone.Deploy.0 = Debug|Any CPU
		{7B4DA2D0-69D8-425A-AEC4-EE36B20F5AFF}.Debug|iPhoneSimulator.ActiveCfg = Debug|Any CPU
		{7B4DA2D0-69D8-425A-AEC4-EE36B20F5AFF}.Debug|iPhoneSimulator.Build.0 = Debug|Any CPU
		{7B4DA2D0-69D8-425A-AEC4-EE36B20F5AFF}.Debug|iPhoneSimulator.Deploy.0 = Debug|Any CPU
		{7B4DA2D0-69D8-425A-AEC4-EE36B20F5AFF}.Debug|x64.ActiveCfg = Debug|Any CPU
		{7B4DA2D0-69D8-425A-AEC4-EE36B20F5AFF}.Debug|x64.Build.0 = Debug|Any CPU
		{7B4DA2D0-69D8-425A-AEC4-EE36B20F5AFF}.Debug|x64.Deploy.0 = Debug|Any CPU
		{7B4DA2D0-69D8-425A-AEC4-EE36B20F5AFF}.Debug|x86.ActiveCfg = Debug|x86
		{7B4DA2D0-69D8-425A-AEC4-EE36B20F5AFF}.Debug|x86.Build.0 = Debug|x86
		{7B4DA2D0-69D8-425A-AEC4-EE36B20F5AFF}.Debug|x86.Deploy.0 = Debug|x86
		{7B4DA2D0-69D8-425A-AEC4-EE36B20F5AFF}.Release|Any CPU.ActiveCfg = Release|Any CPU
		{7B4DA2D0-69D8-425A-AEC4-EE36B20F5AFF}.Release|Any CPU.Build.0 = Release|Any CPU
		{7B4DA2D0-69D8-425A-AEC4-EE36B20F5AFF}.Release|Any CPU.Deploy.0 = Release|Any CPU
		{7B4DA2D0-69D8-425A-AEC4-EE36B20F5AFF}.Release|ARM.ActiveCfg = Release|ARM
		{7B4DA2D0-69D8-425A-AEC4-EE36B20F5AFF}.Release|ARM.Build.0 = Release|ARM
		{7B4DA2D0-69D8-425A-AEC4-EE36B20F5AFF}.Release|ARM.Deploy.0 = Release|ARM
		{7B4DA2D0-69D8-425A-AEC4-EE36B20F5AFF}.Release|iPhone.ActiveCfg = Release|Any CPU
		{7B4DA2D0-69D8-425A-AEC4-EE36B20F5AFF}.Release|iPhone.Build.0 = Release|Any CPU
		{7B4DA2D0-69D8-425A-AEC4-EE36B20F5AFF}.Release|iPhone.Deploy.0 = Release|Any CPU
		{7B4DA2D0-69D8-425A-AEC4-EE36B20F5AFF}.Release|iPhoneSimulator.ActiveCfg = Release|Any CPU
		{7B4DA2D0-69D8-425A-AEC4-EE36B20F5AFF}.Release|iPhoneSimulator.Build.0 = Release|Any CPU
		{7B4DA2D0-69D8-425A-AEC4-EE36B20F5AFF}.Release|iPhoneSimulator.Deploy.0 = Release|Any CPU
		{7B4DA2D0-69D8-425A-AEC4-EE36B20F5AFF}.Release|x64.ActiveCfg = Release|Any CPU
		{7B4DA2D0-69D8-425A-AEC4-EE36B20F5AFF}.Release|x64.Build.0 = Release|Any CPU
		{7B4DA2D0-69D8-425A-AEC4-EE36B20F5AFF}.Release|x64.Deploy.0 = Release|Any CPU
		{7B4DA2D0-69D8-425A-AEC4-EE36B20F5AFF}.Release|x86.ActiveCfg = Release|x86
		{7B4DA2D0-69D8-425A-AEC4-EE36B20F5AFF}.Release|x86.Build.0 = Release|x86
		{7B4DA2D0-69D8-425A-AEC4-EE36B20F5AFF}.Release|x86.Deploy.0 = Release|x86
		{7D5E6418-BC5B-4199-B5C4-2C41F3A212B0}.Ad-Hoc|Any CPU.ActiveCfg = Release|x86
		{7D5E6418-BC5B-4199-B5C4-2C41F3A212B0}.Ad-Hoc|Any CPU.Build.0 = Release|x86
		{7D5E6418-BC5B-4199-B5C4-2C41F3A212B0}.Ad-Hoc|Any CPU.Deploy.0 = Release|x86
		{7D5E6418-BC5B-4199-B5C4-2C41F3A212B0}.Ad-Hoc|ARM.ActiveCfg = Release|ARM
		{7D5E6418-BC5B-4199-B5C4-2C41F3A212B0}.Ad-Hoc|ARM.Build.0 = Release|ARM
		{7D5E6418-BC5B-4199-B5C4-2C41F3A212B0}.Ad-Hoc|ARM.Deploy.0 = Release|ARM
		{7D5E6418-BC5B-4199-B5C4-2C41F3A212B0}.Ad-Hoc|iPhone.ActiveCfg = Release|x86
		{7D5E6418-BC5B-4199-B5C4-2C41F3A212B0}.Ad-Hoc|iPhone.Build.0 = Release|x86
		{7D5E6418-BC5B-4199-B5C4-2C41F3A212B0}.Ad-Hoc|iPhone.Deploy.0 = Release|x86
		{7D5E6418-BC5B-4199-B5C4-2C41F3A212B0}.Ad-Hoc|iPhoneSimulator.ActiveCfg = Release|x86
		{7D5E6418-BC5B-4199-B5C4-2C41F3A212B0}.Ad-Hoc|iPhoneSimulator.Build.0 = Release|x86
		{7D5E6418-BC5B-4199-B5C4-2C41F3A212B0}.Ad-Hoc|iPhoneSimulator.Deploy.0 = Release|x86
		{7D5E6418-BC5B-4199-B5C4-2C41F3A212B0}.Ad-Hoc|x64.ActiveCfg = Release|x64
		{7D5E6418-BC5B-4199-B5C4-2C41F3A212B0}.Ad-Hoc|x64.Build.0 = Release|x64
		{7D5E6418-BC5B-4199-B5C4-2C41F3A212B0}.Ad-Hoc|x64.Deploy.0 = Release|x64
		{7D5E6418-BC5B-4199-B5C4-2C41F3A212B0}.Ad-Hoc|x86.ActiveCfg = Release|x86
		{7D5E6418-BC5B-4199-B5C4-2C41F3A212B0}.Ad-Hoc|x86.Build.0 = Release|x86
		{7D5E6418-BC5B-4199-B5C4-2C41F3A212B0}.Ad-Hoc|x86.Deploy.0 = Release|x86
		{7D5E6418-BC5B-4199-B5C4-2C41F3A212B0}.AppStore|Any CPU.ActiveCfg = Release|x86
		{7D5E6418-BC5B-4199-B5C4-2C41F3A212B0}.AppStore|Any CPU.Build.0 = Release|x86
		{7D5E6418-BC5B-4199-B5C4-2C41F3A212B0}.AppStore|Any CPU.Deploy.0 = Release|x86
		{7D5E6418-BC5B-4199-B5C4-2C41F3A212B0}.AppStore|ARM.ActiveCfg = Release|ARM
		{7D5E6418-BC5B-4199-B5C4-2C41F3A212B0}.AppStore|ARM.Build.0 = Release|ARM
		{7D5E6418-BC5B-4199-B5C4-2C41F3A212B0}.AppStore|ARM.Deploy.0 = Release|ARM
		{7D5E6418-BC5B-4199-B5C4-2C41F3A212B0}.AppStore|iPhone.ActiveCfg = Release|x86
		{7D5E6418-BC5B-4199-B5C4-2C41F3A212B0}.AppStore|iPhone.Build.0 = Release|x86
		{7D5E6418-BC5B-4199-B5C4-2C41F3A212B0}.AppStore|iPhone.Deploy.0 = Release|x86
		{7D5E6418-BC5B-4199-B5C4-2C41F3A212B0}.AppStore|iPhoneSimulator.ActiveCfg = Release|x86
		{7D5E6418-BC5B-4199-B5C4-2C41F3A212B0}.AppStore|iPhoneSimulator.Build.0 = Release|x86
		{7D5E6418-BC5B-4199-B5C4-2C41F3A212B0}.AppStore|iPhoneSimulator.Deploy.0 = Release|x86
		{7D5E6418-BC5B-4199-B5C4-2C41F3A212B0}.AppStore|x64.ActiveCfg = Release|x64
		{7D5E6418-BC5B-4199-B5C4-2C41F3A212B0}.AppStore|x64.Build.0 = Release|x64
		{7D5E6418-BC5B-4199-B5C4-2C41F3A212B0}.AppStore|x64.Deploy.0 = Release|x64
		{7D5E6418-BC5B-4199-B5C4-2C41F3A212B0}.AppStore|x86.ActiveCfg = Release|x86
		{7D5E6418-BC5B-4199-B5C4-2C41F3A212B0}.AppStore|x86.Build.0 = Release|x86
		{7D5E6418-BC5B-4199-B5C4-2C41F3A212B0}.AppStore|x86.Deploy.0 = Release|x86
		{7D5E6418-BC5B-4199-B5C4-2C41F3A212B0}.Debug|Any CPU.ActiveCfg = Debug|x86
		{7D5E6418-BC5B-4199-B5C4-2C41F3A212B0}.Debug|ARM.ActiveCfg = Debug|ARM
		{7D5E6418-BC5B-4199-B5C4-2C41F3A212B0}.Debug|ARM.Build.0 = Debug|ARM
		{7D5E6418-BC5B-4199-B5C4-2C41F3A212B0}.Debug|ARM.Deploy.0 = Debug|ARM
		{7D5E6418-BC5B-4199-B5C4-2C41F3A212B0}.Debug|iPhone.ActiveCfg = Debug|x86
		{7D5E6418-BC5B-4199-B5C4-2C41F3A212B0}.Debug|iPhoneSimulator.ActiveCfg = Debug|x86
		{7D5E6418-BC5B-4199-B5C4-2C41F3A212B0}.Debug|x64.ActiveCfg = Debug|x64
		{7D5E6418-BC5B-4199-B5C4-2C41F3A212B0}.Debug|x64.Build.0 = Debug|x64
		{7D5E6418-BC5B-4199-B5C4-2C41F3A212B0}.Debug|x64.Deploy.0 = Debug|x64
		{7D5E6418-BC5B-4199-B5C4-2C41F3A212B0}.Debug|x86.ActiveCfg = Debug|x86
		{7D5E6418-BC5B-4199-B5C4-2C41F3A212B0}.Debug|x86.Build.0 = Debug|x86
		{7D5E6418-BC5B-4199-B5C4-2C41F3A212B0}.Debug|x86.Deploy.0 = Debug|x86
		{7D5E6418-BC5B-4199-B5C4-2C41F3A212B0}.Release|Any CPU.ActiveCfg = Release|x86
		{7D5E6418-BC5B-4199-B5C4-2C41F3A212B0}.Release|ARM.ActiveCfg = Release|ARM
		{7D5E6418-BC5B-4199-B5C4-2C41F3A212B0}.Release|ARM.Build.0 = Release|ARM
		{7D5E6418-BC5B-4199-B5C4-2C41F3A212B0}.Release|ARM.Deploy.0 = Release|ARM
		{7D5E6418-BC5B-4199-B5C4-2C41F3A212B0}.Release|iPhone.ActiveCfg = Release|x86
		{7D5E6418-BC5B-4199-B5C4-2C41F3A212B0}.Release|iPhoneSimulator.ActiveCfg = Release|x86
		{7D5E6418-BC5B-4199-B5C4-2C41F3A212B0}.Release|x64.ActiveCfg = Release|x64
		{7D5E6418-BC5B-4199-B5C4-2C41F3A212B0}.Release|x64.Build.0 = Release|x64
		{7D5E6418-BC5B-4199-B5C4-2C41F3A212B0}.Release|x64.Deploy.0 = Release|x64
		{7D5E6418-BC5B-4199-B5C4-2C41F3A212B0}.Release|x86.ActiveCfg = Release|x86
		{7D5E6418-BC5B-4199-B5C4-2C41F3A212B0}.Release|x86.Build.0 = Release|x86
		{7D5E6418-BC5B-4199-B5C4-2C41F3A212B0}.Release|x86.Deploy.0 = Release|x86
		{BDC62803-143D-4FF8-964A-86209C01A0C9}.Ad-Hoc|Any CPU.ActiveCfg = Release|Any CPU
		{BDC62803-143D-4FF8-964A-86209C01A0C9}.Ad-Hoc|Any CPU.Build.0 = Release|Any CPU
		{BDC62803-143D-4FF8-964A-86209C01A0C9}.Ad-Hoc|Any CPU.Deploy.0 = Release|Any CPU
		{BDC62803-143D-4FF8-964A-86209C01A0C9}.Ad-Hoc|ARM.ActiveCfg = Release|ARM
		{BDC62803-143D-4FF8-964A-86209C01A0C9}.Ad-Hoc|ARM.Build.0 = Release|ARM
		{BDC62803-143D-4FF8-964A-86209C01A0C9}.Ad-Hoc|ARM.Deploy.0 = Release|ARM
		{BDC62803-143D-4FF8-964A-86209C01A0C9}.Ad-Hoc|iPhone.ActiveCfg = Release|Any CPU
		{BDC62803-143D-4FF8-964A-86209C01A0C9}.Ad-Hoc|iPhone.Build.0 = Release|Any CPU
		{BDC62803-143D-4FF8-964A-86209C01A0C9}.Ad-Hoc|iPhone.Deploy.0 = Release|Any CPU
		{BDC62803-143D-4FF8-964A-86209C01A0C9}.Ad-Hoc|iPhoneSimulator.ActiveCfg = Release|Any CPU
		{BDC62803-143D-4FF8-964A-86209C01A0C9}.Ad-Hoc|iPhoneSimulator.Build.0 = Release|Any CPU
		{BDC62803-143D-4FF8-964A-86209C01A0C9}.Ad-Hoc|iPhoneSimulator.Deploy.0 = Release|Any CPU
		{BDC62803-143D-4FF8-964A-86209C01A0C9}.Ad-Hoc|x64.ActiveCfg = Release|x64
		{BDC62803-143D-4FF8-964A-86209C01A0C9}.Ad-Hoc|x64.Build.0 = Release|x64
		{BDC62803-143D-4FF8-964A-86209C01A0C9}.Ad-Hoc|x64.Deploy.0 = Release|x64
		{BDC62803-143D-4FF8-964A-86209C01A0C9}.Ad-Hoc|x86.ActiveCfg = Release|x86
		{BDC62803-143D-4FF8-964A-86209C01A0C9}.Ad-Hoc|x86.Build.0 = Release|x86
		{BDC62803-143D-4FF8-964A-86209C01A0C9}.Ad-Hoc|x86.Deploy.0 = Release|x86
		{BDC62803-143D-4FF8-964A-86209C01A0C9}.AppStore|Any CPU.ActiveCfg = Release|Any CPU
		{BDC62803-143D-4FF8-964A-86209C01A0C9}.AppStore|Any CPU.Build.0 = Release|Any CPU
		{BDC62803-143D-4FF8-964A-86209C01A0C9}.AppStore|Any CPU.Deploy.0 = Release|Any CPU
		{BDC62803-143D-4FF8-964A-86209C01A0C9}.AppStore|ARM.ActiveCfg = Release|ARM
		{BDC62803-143D-4FF8-964A-86209C01A0C9}.AppStore|ARM.Build.0 = Release|ARM
		{BDC62803-143D-4FF8-964A-86209C01A0C9}.AppStore|ARM.Deploy.0 = Release|ARM
		{BDC62803-143D-4FF8-964A-86209C01A0C9}.AppStore|iPhone.ActiveCfg = Release|Any CPU
		{BDC62803-143D-4FF8-964A-86209C01A0C9}.AppStore|iPhone.Build.0 = Release|Any CPU
		{BDC62803-143D-4FF8-964A-86209C01A0C9}.AppStore|iPhone.Deploy.0 = Release|Any CPU
		{BDC62803-143D-4FF8-964A-86209C01A0C9}.AppStore|iPhoneSimulator.ActiveCfg = Release|Any CPU
		{BDC62803-143D-4FF8-964A-86209C01A0C9}.AppStore|iPhoneSimulator.Build.0 = Release|Any CPU
		{BDC62803-143D-4FF8-964A-86209C01A0C9}.AppStore|iPhoneSimulator.Deploy.0 = Release|Any CPU
		{BDC62803-143D-4FF8-964A-86209C01A0C9}.AppStore|x64.ActiveCfg = Release|x64
		{BDC62803-143D-4FF8-964A-86209C01A0C9}.AppStore|x64.Build.0 = Release|x64
		{BDC62803-143D-4FF8-964A-86209C01A0C9}.AppStore|x64.Deploy.0 = Release|x64
		{BDC62803-143D-4FF8-964A-86209C01A0C9}.AppStore|x86.ActiveCfg = Release|x86
		{BDC62803-143D-4FF8-964A-86209C01A0C9}.AppStore|x86.Build.0 = Release|x86
		{BDC62803-143D-4FF8-964A-86209C01A0C9}.AppStore|x86.Deploy.0 = Release|x86
		{BDC62803-143D-4FF8-964A-86209C01A0C9}.Debug|Any CPU.ActiveCfg = Debug|Any CPU
		{BDC62803-143D-4FF8-964A-86209C01A0C9}.Debug|Any CPU.Build.0 = Debug|Any CPU
		{BDC62803-143D-4FF8-964A-86209C01A0C9}.Debug|Any CPU.Deploy.0 = Debug|Any CPU
		{BDC62803-143D-4FF8-964A-86209C01A0C9}.Debug|ARM.ActiveCfg = Debug|ARM
		{BDC62803-143D-4FF8-964A-86209C01A0C9}.Debug|ARM.Build.0 = Debug|ARM
		{BDC62803-143D-4FF8-964A-86209C01A0C9}.Debug|ARM.Deploy.0 = Debug|ARM
		{BDC62803-143D-4FF8-964A-86209C01A0C9}.Debug|iPhone.ActiveCfg = Debug|Any CPU
		{BDC62803-143D-4FF8-964A-86209C01A0C9}.Debug|iPhone.Build.0 = Debug|Any CPU
		{BDC62803-143D-4FF8-964A-86209C01A0C9}.Debug|iPhone.Deploy.0 = Debug|Any CPU
		{BDC62803-143D-4FF8-964A-86209C01A0C9}.Debug|iPhoneSimulator.ActiveCfg = Debug|Any CPU
		{BDC62803-143D-4FF8-964A-86209C01A0C9}.Debug|iPhoneSimulator.Build.0 = Debug|Any CPU
		{BDC62803-143D-4FF8-964A-86209C01A0C9}.Debug|iPhoneSimulator.Deploy.0 = Debug|Any CPU
		{BDC62803-143D-4FF8-964A-86209C01A0C9}.Debug|x64.ActiveCfg = Debug|x64
		{BDC62803-143D-4FF8-964A-86209C01A0C9}.Debug|x64.Build.0 = Debug|x64
		{BDC62803-143D-4FF8-964A-86209C01A0C9}.Debug|x64.Deploy.0 = Debug|x64
		{BDC62803-143D-4FF8-964A-86209C01A0C9}.Debug|x86.ActiveCfg = Debug|x86
		{BDC62803-143D-4FF8-964A-86209C01A0C9}.Debug|x86.Build.0 = Debug|x86
		{BDC62803-143D-4FF8-964A-86209C01A0C9}.Debug|x86.Deploy.0 = Debug|x86
		{BDC62803-143D-4FF8-964A-86209C01A0C9}.Release|Any CPU.ActiveCfg = Release|Any CPU
		{BDC62803-143D-4FF8-964A-86209C01A0C9}.Release|Any CPU.Build.0 = Release|Any CPU
		{BDC62803-143D-4FF8-964A-86209C01A0C9}.Release|Any CPU.Deploy.0 = Release|Any CPU
		{BDC62803-143D-4FF8-964A-86209C01A0C9}.Release|ARM.ActiveCfg = Release|ARM
		{BDC62803-143D-4FF8-964A-86209C01A0C9}.Release|ARM.Build.0 = Release|ARM
		{BDC62803-143D-4FF8-964A-86209C01A0C9}.Release|ARM.Deploy.0 = Release|ARM
		{BDC62803-143D-4FF8-964A-86209C01A0C9}.Release|iPhone.ActiveCfg = Release|Any CPU
		{BDC62803-143D-4FF8-964A-86209C01A0C9}.Release|iPhone.Build.0 = Release|Any CPU
		{BDC62803-143D-4FF8-964A-86209C01A0C9}.Release|iPhone.Deploy.0 = Release|Any CPU
		{BDC62803-143D-4FF8-964A-86209C01A0C9}.Release|iPhoneSimulator.ActiveCfg = Release|Any CPU
		{BDC62803-143D-4FF8-964A-86209C01A0C9}.Release|iPhoneSimulator.Build.0 = Release|Any CPU
		{BDC62803-143D-4FF8-964A-86209C01A0C9}.Release|iPhoneSimulator.Deploy.0 = Release|Any CPU
		{BDC62803-143D-4FF8-964A-86209C01A0C9}.Release|x64.ActiveCfg = Release|x64
		{BDC62803-143D-4FF8-964A-86209C01A0C9}.Release|x64.Build.0 = Release|x64
		{BDC62803-143D-4FF8-964A-86209C01A0C9}.Release|x64.Deploy.0 = Release|x64
		{BDC62803-143D-4FF8-964A-86209C01A0C9}.Release|x86.ActiveCfg = Release|x86
		{BDC62803-143D-4FF8-964A-86209C01A0C9}.Release|x86.Build.0 = Release|x86
		{BDC62803-143D-4FF8-964A-86209C01A0C9}.Release|x86.Deploy.0 = Release|x86
		{5F851F2C-9E3A-4474-B1F5-9E62C096267B}.Ad-Hoc|Any CPU.ActiveCfg = Release|Any CPU
		{5F851F2C-9E3A-4474-B1F5-9E62C096267B}.Ad-Hoc|Any CPU.Build.0 = Release|Any CPU
		{5F851F2C-9E3A-4474-B1F5-9E62C096267B}.Ad-Hoc|ARM.ActiveCfg = Release|Any CPU
		{5F851F2C-9E3A-4474-B1F5-9E62C096267B}.Ad-Hoc|ARM.Build.0 = Release|Any CPU
		{5F851F2C-9E3A-4474-B1F5-9E62C096267B}.Ad-Hoc|iPhone.ActiveCfg = Release|Any CPU
		{5F851F2C-9E3A-4474-B1F5-9E62C096267B}.Ad-Hoc|iPhone.Build.0 = Release|Any CPU
		{5F851F2C-9E3A-4474-B1F5-9E62C096267B}.Ad-Hoc|iPhoneSimulator.ActiveCfg = Release|Any CPU
		{5F851F2C-9E3A-4474-B1F5-9E62C096267B}.Ad-Hoc|iPhoneSimulator.Build.0 = Release|Any CPU
		{5F851F2C-9E3A-4474-B1F5-9E62C096267B}.Ad-Hoc|x64.ActiveCfg = Release|Any CPU
		{5F851F2C-9E3A-4474-B1F5-9E62C096267B}.Ad-Hoc|x64.Build.0 = Release|Any CPU
		{5F851F2C-9E3A-4474-B1F5-9E62C096267B}.Ad-Hoc|x86.ActiveCfg = Release|Any CPU
		{5F851F2C-9E3A-4474-B1F5-9E62C096267B}.Ad-Hoc|x86.Build.0 = Release|Any CPU
		{5F851F2C-9E3A-4474-B1F5-9E62C096267B}.AppStore|Any CPU.ActiveCfg = Release|Any CPU
		{5F851F2C-9E3A-4474-B1F5-9E62C096267B}.AppStore|Any CPU.Build.0 = Release|Any CPU
		{5F851F2C-9E3A-4474-B1F5-9E62C096267B}.AppStore|ARM.ActiveCfg = Release|Any CPU
		{5F851F2C-9E3A-4474-B1F5-9E62C096267B}.AppStore|ARM.Build.0 = Release|Any CPU
		{5F851F2C-9E3A-4474-B1F5-9E62C096267B}.AppStore|iPhone.ActiveCfg = Release|Any CPU
		{5F851F2C-9E3A-4474-B1F5-9E62C096267B}.AppStore|iPhone.Build.0 = Release|Any CPU
		{5F851F2C-9E3A-4474-B1F5-9E62C096267B}.AppStore|iPhoneSimulator.ActiveCfg = Release|Any CPU
		{5F851F2C-9E3A-4474-B1F5-9E62C096267B}.AppStore|iPhoneSimulator.Build.0 = Release|Any CPU
		{5F851F2C-9E3A-4474-B1F5-9E62C096267B}.AppStore|x64.ActiveCfg = Release|Any CPU
		{5F851F2C-9E3A-4474-B1F5-9E62C096267B}.AppStore|x64.Build.0 = Release|Any CPU
		{5F851F2C-9E3A-4474-B1F5-9E62C096267B}.AppStore|x86.ActiveCfg = Release|Any CPU
		{5F851F2C-9E3A-4474-B1F5-9E62C096267B}.AppStore|x86.Build.0 = Release|Any CPU
		{5F851F2C-9E3A-4474-B1F5-9E62C096267B}.Debug|Any CPU.ActiveCfg = Debug|Any CPU
		{5F851F2C-9E3A-4474-B1F5-9E62C096267B}.Debug|Any CPU.Build.0 = Debug|Any CPU
		{5F851F2C-9E3A-4474-B1F5-9E62C096267B}.Debug|ARM.ActiveCfg = Debug|Any CPU
		{5F851F2C-9E3A-4474-B1F5-9E62C096267B}.Debug|ARM.Build.0 = Debug|Any CPU
		{5F851F2C-9E3A-4474-B1F5-9E62C096267B}.Debug|iPhone.ActiveCfg = Debug|Any CPU
		{5F851F2C-9E3A-4474-B1F5-9E62C096267B}.Debug|iPhone.Build.0 = Debug|Any CPU
		{5F851F2C-9E3A-4474-B1F5-9E62C096267B}.Debug|iPhoneSimulator.ActiveCfg = Debug|Any CPU
		{5F851F2C-9E3A-4474-B1F5-9E62C096267B}.Debug|iPhoneSimulator.Build.0 = Debug|Any CPU
		{5F851F2C-9E3A-4474-B1F5-9E62C096267B}.Debug|x64.ActiveCfg = Debug|Any CPU
		{5F851F2C-9E3A-4474-B1F5-9E62C096267B}.Debug|x64.Build.0 = Debug|Any CPU
		{5F851F2C-9E3A-4474-B1F5-9E62C096267B}.Debug|x86.ActiveCfg = Debug|Any CPU
		{5F851F2C-9E3A-4474-B1F5-9E62C096267B}.Debug|x86.Build.0 = Debug|Any CPU
		{5F851F2C-9E3A-4474-B1F5-9E62C096267B}.Release|Any CPU.ActiveCfg = Release|Any CPU
		{5F851F2C-9E3A-4474-B1F5-9E62C096267B}.Release|Any CPU.Build.0 = Release|Any CPU
		{5F851F2C-9E3A-4474-B1F5-9E62C096267B}.Release|ARM.ActiveCfg = Release|Any CPU
		{5F851F2C-9E3A-4474-B1F5-9E62C096267B}.Release|ARM.Build.0 = Release|Any CPU
		{5F851F2C-9E3A-4474-B1F5-9E62C096267B}.Release|iPhone.ActiveCfg = Release|Any CPU
		{5F851F2C-9E3A-4474-B1F5-9E62C096267B}.Release|iPhone.Build.0 = Release|Any CPU
		{5F851F2C-9E3A-4474-B1F5-9E62C096267B}.Release|iPhoneSimulator.ActiveCfg = Release|Any CPU
		{5F851F2C-9E3A-4474-B1F5-9E62C096267B}.Release|iPhoneSimulator.Build.0 = Release|Any CPU
		{5F851F2C-9E3A-4474-B1F5-9E62C096267B}.Release|x64.ActiveCfg = Release|Any CPU
		{5F851F2C-9E3A-4474-B1F5-9E62C096267B}.Release|x64.Build.0 = Release|Any CPU
		{5F851F2C-9E3A-4474-B1F5-9E62C096267B}.Release|x86.ActiveCfg = Release|Any CPU
		{5F851F2C-9E3A-4474-B1F5-9E62C096267B}.Release|x86.Build.0 = Release|Any CPU
	EndGlobalSection
	GlobalSection(SolutionProperties) = preSolution
		HideSolutionNode = FALSE
	EndGlobalSection
EndGlobal
